
Microsoft Visual Studio Solution File, Format Version 12.00
# Visual Studio 15
Project("{FAE04EC0-301F-11D3-BF4B-00C04F79EFBC}") = "Assembly-CSharp-firstpass", "Assembly-CSharp-firstpass.csproj", "{5A65087C-78A3-D78D-02C8-32DACE009C6B}"
EndProject
Project("{FAE04EC0-301F-11D3-BF4B-00C04F79EFBC}") = "Assembly-CSharp", "Assembly-CSharp.csproj", "{C3F1AEF7-689F-29FF-C736-453B81592254}"
EndProject
Project("{FAE04EC0-301F-11D3-BF4B-00C04F79EFBC}") = "Assembly-CSharp-Editor-firstpass", "Assembly-CSharp-Editor-firstpass.csproj", "{5222E0B3-6F61-FD0E-026B-2BE00BD65261}"
EndProject
Global
	GlobalSection(SolutionConfigurationPlatforms) = preSolution
		Debug|Any CPU = Debug|Any CPU
		Release|Any CPU = Release|Any CPU
	EndGlobalSection
	GlobalSection(ProjectConfigurationPlatforms) = postSolution
		{5A65087C-78A3-D78D-02C8-32DACE009C6B}.Debug|Any CPU.ActiveCfg = Debug|Any CPU
		{5A65087C-78A3-D78D-02C8-32DACE009C6B}.Debug|Any CPU.Build.0 = Debug|Any CPU
		{5A65087C-78A3-D78D-02C8-32DACE009C6B}.Release|Any CPU.ActiveCfg = Release|Any CPU
		{5A65087C-78A3-D78D-02C8-32DACE009C6B}.Release|Any CPU.Build.0 = Release|Any CPU
		{C3F1AEF7-689F-29FF-C736-453B81592254}.Debug|Any CPU.ActiveCfg = Debug|Any CPU
		{C3F1AEF7-689F-29FF-C736-453B81592254}.Debug|Any CPU.Build.0 = Debug|Any CPU
		{C3F1AEF7-689F-29FF-C736-453B81592254}.Release|Any CPU.ActiveCfg = Release|Any CPU
		{C3F1AEF7-689F-29FF-C736-453B81592254}.Release|Any CPU.Build.0 = Release|Any CPU
		{5222E0B3-6F61-FD0E-026B-2BE00BD65261}.Debug|Any CPU.ActiveCfg = Debug|Any CPU
		{5222E0B3-6F61-FD0E-026B-2BE00BD65261}.Debug|Any CPU.Build.0 = Debug|Any CPU
		{5222E0B3-6F61-FD0E-026B-2BE00BD65261}.Release|Any CPU.ActiveCfg = Release|Any CPU
		{5222E0B3-6F61-FD0E-026B-2BE00BD65261}.Release|Any CPU.Build.0 = Release|Any CPU
	EndGlobalSection
	GlobalSection(SolutionProperties) = preSolution
		HideSolutionNode = FALSE
	EndGlobalSection
EndGlobal
